// !$*UTF8*$!
{
	archiveVersion = 1;
	classes = {
	};
	objectVersion = 77;
	objects = {

/* Begin PBXContainerItemProxy section */
		3689014A2D7206AD00AD492A /* PBXContainerItemProxy */ = {
			isa = PBXContainerItemProxy;
			containerPortal = 368901312D7206AB00AD492A /* Project object */;
			proxyType = 1;
			remoteGlobalIDString = 368901382D7206AB00AD492A;
			remoteInfo = BlueWatch;
		};
		368901542D7206AD00AD492A /* PBXContainerItemProxy */ = {
			isa = PBXContainerItemProxy;
			containerPortal = 368901312D7206AB00AD492A /* Project object */;
			proxyType = 1;
			remoteGlobalIDString = 368901382D7206AB00AD492A;
			remoteInfo = BlueWatch;
		};
/* End PBXContainerItemProxy section */

/* Begin PBXFileReference section */
		368901392D7206AB00AD492A /* BlueWatch.app */ = {isa = PBXFileReference; explicitFileType = wrapper.application; includeInIndex = 0; path = BlueWatch.app; sourceTree = BUILT_PRODUCTS_DIR; };
		368901492D7206AD00AD492A /* BlueWatchTests.xctest */ = {isa = PBXFileReference; explicitFileType = wrapper.cfbundle; includeInIndex = 0; path = BlueWatchTests.xctest; sourceTree = BUILT_PRODUCTS_DIR; };
		368901532D7206AD00AD492A /* BlueWatchUITests.xctest */ = {isa = PBXFileReference; explicitFileType = wrapper.cfbundle; includeInIndex = 0; path = BlueWatchUITests.xctest; sourceTree = BUILT_PRODUCTS_DIR; };
/* End PBXFileReference section */

/* Begin PBXFileSystemSynchronizedBuildFileExceptionSet section */
		368902902D7B382200AD492A /* Exceptions for "BlueWatch" folder in "BlueWatch" target */ = {
			isa = PBXFileSystemSynchronizedBuildFileExceptionSet;
			membershipExceptions = (
				Info.plist,
			);
			target = 368901382D7206AB00AD492A /* BlueWatch */;
		};
/* End PBXFileSystemSynchronizedBuildFileExceptionSet section */

/* Begin PBXFileSystemSynchronizedRootGroup section */
		3689013B2D7206AB00AD492A /* BlueWatch */ = {
			isa = PBXFileSystemSynchronizedRootGroup;
			exceptions = (
				368902902D7B382200AD492A /* Exceptions for "BlueWatch" folder in "BlueWatch" target */,
			);
			path = BlueWatch;
			sourceTree = "<group>";
		};
		3689014C2D7206AD00AD492A /* BlueWatchTests */ = {
			isa = PBXFileSystemSynchronizedRootGroup;
			path = BlueWatchTests;
			sourceTree = "<group>";
		};
		368901562D7206AD00AD492A /* BlueWatchUITests */ = {
			isa = PBXFileSystemSynchronizedRootGroup;
			path = BlueWatchUITests;
			sourceTree = "<group>";
		};
/* End PBXFileSystemSynchronizedRootGroup section */

/* Begin PBXFrameworksBuildPhase section */
		368901362D7206AB00AD492A /* Frameworks */ = {
			isa = PBXFrameworksBuildPhase;
			buildActionMask = 2147483647;
			files = (
			);
			runOnlyForDeploymentPostprocessing = 0;
		};
		368901462D7206AD00AD492A /* Frameworks */ = {
			isa = PBXFrameworksBuildPhase;
			buildActionMask = 2147483647;
			files = (
			);
			runOnlyForDeploymentPostprocessing = 0;
		};
		368901502D7206AD00AD492A /* Frameworks */ = {
			isa = PBXFrameworksBuildPhase;
			buildActionMask = 2147483647;
			files = (
			);
			runOnlyForDeploymentPostprocessing = 0;
		};
/* End PBXFrameworksBuildPhase section */

/* Begin PBXGroup section */
		368901302D7206AB00AD492A = {
			isa = PBXGroup;
			children = (
				3689013B2D7206AB00AD492A /* BlueWatch */,
				3689014C2D7206AD00AD492A /* BlueWatchTests */,
				368901562D7206AD00AD492A /* BlueWatchUITests */,
				3689013A2D7206AB00AD492A /* Products */,
			);
			sourceTree = "<group>";
		};
		3689013A2D7206AB00AD492A /* Products */ = {
			isa = PBXGroup;
			children = (
				368901392D7206AB00AD492A /* BlueWatch.app */,
				368901492D7206AD00AD492A /* BlueWatchTests.xctest */,
				368901532D7206AD00AD492A /* BlueWatchUITests.xctest */,
			);
			name = Products;
			sourceTree = "<group>";
		};
/* End PBXGroup section */

/* Begin PBXNativeTarget section */
		368901382D7206AB00AD492A /* BlueWatch */ = {
			isa = PBXNativeTarget;
			buildConfigurationList = 3689015D2D7206AD00AD492A /* Build configuration list for PBXNativeTarget "BlueWatch" */;
			buildPhases = (
				368901352D7206AB00AD492A /* Sources */,
				368901362D7206AB00AD492A /* Frameworks */,
				368901372D7206AB00AD492A /* Resources */,
			);
			buildRules = (
			);
			dependencies = (
			);
			fileSystemSynchronizedGroups = (
				3689013B2D7206AB00AD492A /* BlueWatch */,
			);
			name = BlueWatch;
			packageProductDependencies = (
			);
			productName = BlueWatch;
			productReference = 368901392D7206AB00AD492A /* BlueWatch.app */;
			productType = "com.apple.product-type.application";
		};
		368901482D7206AD00AD492A /* BlueWatchTests */ = {
			isa = PBXNativeTarget;
			buildConfigurationList = 368901602D7206AD00AD492A /* Build configuration list for PBXNativeTarget "BlueWatchTests" */;
			buildPhases = (
				368901452D7206AD00AD492A /* Sources */,
				368901462D7206AD00AD492A /* Frameworks */,
				368901472D7206AD00AD492A /* Resources */,
			);
			buildRules = (
			);
			dependencies = (
				3689014B2D7206AD00AD492A /* PBXTargetDependency */,
			);
			fileSystemSynchronizedGroups = (
				3689014C2D7206AD00AD492A /* BlueWatchTests */,
			);
			name = BlueWatchTests;
			packageProductDependencies = (
			);
			productName = BlueWatchTests;
			productReference = 368901492D7206AD00AD492A /* BlueWatchTests.xctest */;
			productType = "com.apple.product-type.bundle.unit-test";
		};
		368901522D7206AD00AD492A /* BlueWatchUITests */ = {
			isa = PBXNativeTarget;
			buildConfigurationList = 368901632D7206AD00AD492A /* Build configuration list for PBXNativeTarget "BlueWatchUITests" */;
			buildPhases = (
				3689014F2D7206AD00AD492A /* Sources */,
				368901502D7206AD00AD492A /* Frameworks */,
				368901512D7206AD00AD492A /* Resources */,
			);
			buildRules = (
			);
			dependencies = (
				368901552D7206AD00AD492A /* PBXTargetDependency */,
			);
			fileSystemSynchronizedGroups = (
				368901562D7206AD00AD492A /* BlueWatchUITests */,
			);
			name = BlueWatchUITests;
			packageProductDependencies = (
			);
			productName = BlueWatchUITests;
			productReference = 368901532D7206AD00AD492A /* BlueWatchUITests.xctest */;
			productType = "com.apple.product-type.bundle.ui-testing";
		};
/* End PBXNativeTarget section */

/* Begin PBXProject section */
		368901312D7206AB00AD492A /* Project object */ = {
			isa = PBXProject;
			attributes = {
				BuildIndependentTargetsInParallel = 1;
				LastSwiftUpdateCheck = 1620;
				LastUpgradeCheck = 1620;
				TargetAttributes = {
					368901382D7206AB00AD492A = {
						CreatedOnToolsVersion = 16.2;
					};
					368901482D7206AD00AD492A = {
						CreatedOnToolsVersion = 16.2;
						TestTargetID = 368901382D7206AB00AD492A;
					};
					368901522D7206AD00AD492A = {
						CreatedOnToolsVersion = 16.2;
						TestTargetID = 368901382D7206AB00AD492A;
					};
				};
			};
			buildConfigurationList = 368901342D7206AB00AD492A /* Build configuration list for PBXProject "BlueWatch" */;
			developmentRegion = en;
			hasScannedForEncodings = 0;
			knownRegions = (
				en,
				Base,
			);
			mainGroup = 368901302D7206AB00AD492A;
			minimizedProjectReferenceProxies = 1;
			preferredProjectObjectVersion = 77;
			productRefGroup = 3689013A2D7206AB00AD492A /* Products */;
			projectDirPath = "";
			projectRoot = "";
			targets = (
				368901382D7206AB00AD492A /* BlueWatch */,
				368901482D7206AD00AD492A /* BlueWatchTests */,
				368901522D7206AD00AD492A /* BlueWatchUITests */,
			);
		};
/* End PBXProject section */

/* Begin PBXResourcesBuildPhase section */
		368901372D7206AB00AD492A /* Resources */ = {
			isa = PBXResourcesBuildPhase;
			buildActionMask = 2147483647;
			files = (
			);
			runOnlyForDeploymentPostprocessing = 0;
		};
		368901472D7206AD00AD492A /* Resources */ = {
			isa = PBXResourcesBuildPhase;
			buildActionMask = 2147483647;
			files = (
			);
			runOnlyForDeploymentPostprocessing = 0;
		};
		368901512D7206AD00AD492A /* Resources */ = {
			isa = PBXResourcesBuildPhase;
			buildActionMask = 2147483647;
			files = (
			);
			runOnlyForDeploymentPostprocessing = 0;
		};
/* End PBXResourcesBuildPhase section */

/* Begin PBXSourcesBuildPhase section */
		368901352D7206AB00AD492A /* Sources */ = {
			isa = PBXSourcesBuildPhase;
			buildActionMask = 2147483647;
			files = (
			);
			runOnlyForDeploymentPostprocessing = 0;
		};
		368901452D7206AD00AD492A /* Sources */ = {
			isa = PBXSourcesBuildPhase;
			buildActionMask = 2147483647;
			files = (
			);
			runOnlyForDeploymentPostprocessing = 0;
		};
		3689014F2D7206AD00AD492A /* Sources */ = {
			isa = PBXSourcesBuildPhase;
			buildActionMask = 2147483647;
			files = (
			);
			runOnlyForDeploymentPostprocessing = 0;
		};
/* End PBXSourcesBuildPhase section */

/* Begin PBXTargetDependency section */
		3689014B2D7206AD00AD492A /* PBXTargetDependency */ = {
			isa = PBXTargetDependency;
			target = 368901382D7206AB00AD492A /* BlueWatch */;
			targetProxy = 3689014A2D7206AD00AD492A /* PBXContainerItemProxy */;
		};
		368901552D7206AD00AD492A /* PBXTargetDependency */ = {
			isa = PBXTargetDependency;
			target = 368901382D7206AB00AD492A /* BlueWatch */;
			targetProxy = 368901542D7206AD00AD492A /* PBXContainerItemProxy */;
		};
/* End PBXTargetDependency section */

/* Begin XCBuildConfiguration section */
		3689015B2D7206AD00AD492A /* Debug */ = {
			isa = XCBuildConfiguration;
			buildSettings = {
				ALWAYS_SEARCH_USER_PATHS = NO;
				ASSETCATALOG_COMPILER_GENERATE_SWIFT_ASSET_SYMBOL_EXTENSIONS = YES;
				CLANG_ANALYZER_NONNULL = YES;
				CLANG_ANALYZER_NUMBER_OBJECT_CONVERSION = YES_AGGRESSIVE;
				CLANG_CXX_LANGUAGE_STANDARD = "gnu++20";
				CLANG_ENABLE_MODULES = YES;
				CLANG_ENABLE_OBJC_ARC = YES;
				CLANG_ENABLE_OBJC_WEAK = YES;
				CLANG_WARN_BLOCK_CAPTURE_AUTORELEASING = YES;
				CLANG_WARN_BOOL_CONVERSION = YES;
				CLANG_WARN_COMMA = YES;
				CLANG_WARN_CONSTANT_CONVERSION = YES;
				CLANG_WARN_DEPRECATED_OBJC_IMPLEMENTATIONS = YES;
				CLANG_WARN_DIRECT_OBJC_ISA_USAGE = YES_ERROR;
				CLANG_WARN_DOCUMENTATION_COMMENTS = YES;
				CLANG_WARN_EMPTY_BODY = YES;
				CLANG_WARN_ENUM_CONVERSION = YES;
				CLANG_WARN_INFINITE_RECURSION = YES;
				CLANG_WARN_INT_CONVERSION = YES;
				CLANG_WARN_NON_LITERAL_NULL_CONVERSION = YES;
				CLANG_WARN_OBJC_IMPLICIT_RETAIN_SELF = YES;
				CLANG_WARN_OBJC_LITERAL_CONVERSION = YES;
				CLANG_WARN_OBJC_ROOT_CLASS = YES_ERROR;
				CLANG_WARN_QUOTED_INCLUDE_IN_FRAMEWORK_HEADER = YES;
				CLANG_WARN_RANGE_LOOP_ANALYSIS = YES;
				CLANG_WARN_STRICT_PROTOTYPES = YES;
				CLANG_WARN_SUSPICIOUS_MOVE = YES;
				CLANG_WARN_UNGUARDED_AVAILABILITY = YES_AGGRESSIVE;
				CLANG_WARN_UNREACHABLE_CODE = YES;
				CLANG_WARN__DUPLICATE_METHOD_MATCH = YES;
				COPY_PHASE_STRIP = NO;
				DEBUG_INFORMATION_FORMAT = dwarf;
				ENABLE_STRICT_OBJC_MSGSEND = YES;
				ENABLE_TESTABILITY = YES;
				ENABLE_USER_SCRIPT_SANDBOXING = YES;
				GCC_C_LANGUAGE_STANDARD = gnu17;
				GCC_DYNAMIC_NO_PIC = NO;
				GCC_NO_COMMON_BLOCKS = YES;
				GCC_OPTIMIZATION_LEVEL = 0;
				GCC_PREPROCESSOR_DEFINITIONS = (
					"DEBUG=1",
					"$(inherited)",
				);
				GCC_WARN_64_TO_32_BIT_CONVERSION = YES;
				GCC_WARN_ABOUT_RETURN_TYPE = YES_ERROR;
				GCC_WARN_UNDECLARED_SELECTOR = YES;
				GCC_WARN_UNINITIALIZED_AUTOS = YES_AGGRESSIVE;
				GCC_WARN_UNUSED_FUNCTION = YES;
				GCC_WARN_UNUSED_VARIABLE = YES;
				IPHONEOS_DEPLOYMENT_TARGET = 18.2;
				LOCALIZATION_PREFERS_STRING_CATALOGS = YES;
				MTL_ENABLE_DEBUG_INFO = INCLUDE_SOURCE;
				MTL_FAST_MATH = YES;
				ONLY_ACTIVE_ARCH = YES;
				SDKROOT = iphoneos;
				SWIFT_ACTIVE_COMPILATION_CONDITIONS = "DEBUG $(inherited)";
				SWIFT_OPTIMIZATION_LEVEL = "-Onone";
			};
			name = Debug;
		};
		3689015C2D7206AD00AD492A /* Release */ = {
			isa = XCBuildConfiguration;
			buildSettings = {
				ALWAYS_SEARCH_USER_PATHS = NO;
				ASSETCATALOG_COMPILER_GENERATE_SWIFT_ASSET_SYMBOL_EXTENSIONS = YES;
				CLANG_ANALYZER_NONNULL = YES;
				CLANG_ANALYZER_NUMBER_OBJECT_CONVERSION = YES_AGGRESSIVE;
				CLANG_CXX_LANGUAGE_STANDARD = "gnu++20";
				CLANG_ENABLE_MODULES = YES;
				CLANG_ENABLE_OBJC_ARC = YES;
				CLANG_ENABLE_OBJC_WEAK = YES;
				CLANG_WARN_BLOCK_CAPTURE_AUTORELEASING = YES;
				CLANG_WARN_BOOL_CONVERSION = YES;
				CLANG_WARN_COMMA = YES;
				CLANG_WARN_CONSTANT_CONVERSION = YES;
				CLANG_WARN_DEPRECATED_OBJC_IMPLEMENTATIONS = YES;
				CLANG_WARN_DIRECT_OBJC_ISA_USAGE = YES_ERROR;
				CLANG_WARN_DOCUMENTATION_COMMENTS = YES;
				CLANG_WARN_EMPTY_BODY = YES;
				CLANG_WARN_ENUM_CONVERSION = YES;
				CLANG_WARN_INFINITE_RECURSION = YES;
				CLANG_WARN_INT_CONVERSION = YES;
				CLANG_WARN_NON_LITERAL_NULL_CONVERSION = YES;
				CLANG_WARN_OBJC_IMPLICIT_RETAIN_SELF = YES;
				CLANG_WARN_OBJC_LITERAL_CONVERSION = YES;
				CLANG_WARN_OBJC_ROOT_CLASS = YES_ERROR;
				CLANG_WARN_QUOTED_INCLUDE_IN_FRAMEWORK_HEADER = YES;
				CLANG_WARN_RANGE_LOOP_ANALYSIS = YES;
				CLANG_WARN_STRICT_PROTOTYPES = YES;
				CLANG_WARN_SUSPICIOUS_MOVE = YES;
				CLANG_WARN_UNGUARDED_AVAILABILITY = YES_AGGRESSIVE;
				CLANG_WARN_UNREACHABLE_CODE = YES;
				CLANG_WARN__DUPLICATE_METHOD_MATCH = YES;
				COPY_PHASE_STRIP = NO;
				DEBUG_INFORMATION_FORMAT = "dwarf-with-dsym";
				ENABLE_NS_ASSERTIONS = NO;
				ENABLE_STRICT_OBJC_MSGSEND = YES;
				ENABLE_USER_SCRIPT_SANDBOXING = YES;
				GCC_C_LANGUAGE_STANDARD = gnu17;
				GCC_NO_COMMON_BLOCKS = YES;
				GCC_WARN_64_TO_32_BIT_CONVERSION = YES;
				GCC_WARN_ABOUT_RETURN_TYPE = YES_ERROR;
				GCC_WARN_UNDECLARED_SELECTOR = YES;
				GCC_WARN_UNINITIALIZED_AUTOS = YES_AGGRESSIVE;
				GCC_WARN_UNUSED_FUNCTION = YES;
				GCC_WARN_UNUSED_VARIABLE = YES;
				IPHONEOS_DEPLOYMENT_TARGET = 18.2;
				LOCALIZATION_PREFERS_STRING_CATALOGS = YES;
				MTL_ENABLE_DEBUG_INFO = NO;
				MTL_FAST_MATH = YES;
				SDKROOT = iphoneos;
				SWIFT_COMPILATION_MODE = wholemodule;
				VALIDATE_PRODUCT = YES;
			};
			name = Release;
		};
		3689015E2D7206AD00AD492A /* Debug */ = {
			isa = XCBuildConfiguration;
			buildSettings = {
				ASSETCATALOG_COMPILER_APPICON_NAME = AppIcon;
				ASSETCATALOG_COMPILER_GLOBAL_ACCENT_COLOR_NAME = AccentColor;
				CODE_SIGN_STYLE = Automatic;
				CURRENT_PROJECT_VERSION = 1;
				DEVELOPMENT_ASSET_PATHS = "\"BlueWatch/Preview Content\"";
				DEVELOPMENT_TEAM = T7LWY3RUAV;
				ENABLE_PREVIEWS = YES;
				GENERATE_INFOPLIST_FILE = YES;
				INFOPLIST_FILE = BlueWatch/Info.plist;
				INFOPLIST_KEY_LSApplicationCategoryType = "\"\"";
				INFOPLIST_KEY_NSBluetoothAlwaysUsageDescription = "BlueWatch needs Bluetooth to connect to your watch";
				INFOPLIST_KEY_NSBluetoothPeripheralUsageDescription = "BlueWatch needs Bluetooth to connect to your watch";
				INFOPLIST_KEY_UIApplicationSceneManifest_Generation = YES;
				INFOPLIST_KEY_UIApplicationSupportsIndirectInputEvents = YES;
				INFOPLIST_KEY_UILaunchScreen_Generation = YES;
				INFOPLIST_KEY_UISupportedInterfaceOrientations_iPad = "UIInterfaceOrientationPortrait UIInterfaceOrientationPortraitUpsideDown UIInterfaceOrientationLandscapeLeft UIInterfaceOrientationLandscapeRight";
				INFOPLIST_KEY_UISupportedInterfaceOrientations_iPhone = "UIInterfaceOrientationPortrait UIInterfaceOrientationLandscapeLeft UIInterfaceOrientationLandscapeRight";
				LD_RUNPATH_SEARCH_PATHS = (
					"$(inherited)",
					"@executable_path/Frameworks",
				);
				MARKETING_VERSION = 1.0;
				PRODUCT_BUNDLE_IDENTIFIER = RK.BlueWatch;
				PRODUCT_NAME = "$(TARGET_NAME)";
				SWIFT_EMIT_LOC_STRINGS = YES;
				SWIFT_VERSION = 5.0;
				TARGETED_DEVICE_FAMILY = "1,2";
			};
			name = Debug;
		};
		3689015F2D7206AD00AD492A /* Release */ = {
			isa = XCBuildConfiguration;
			buildSettings = {
				ASSETCATALOG_COMPILER_APPICON_NAME = AppIcon;
				ASSETCATALOG_COMPILER_GLOBAL_ACCENT_COLOR_NAME = AccentColor;
				CODE_SIGN_STYLE = Automatic;
				CURRENT_PROJECT_VERSION = 1;
				DEVELOPMENT_ASSET_PATHS = "\"BlueWatch/Preview Content\"";
				DEVELOPMENT_TEAM = T7LWY3RUAV;
				ENABLE_PREVIEWS = YES;
				GENERATE_INFOPLIST_FILE = YES;
				INFOPLIST_FILE = BlueWatch/Info.plist;
				INFOPLIST_KEY_LSApplicationCategoryType = "\"\"";
				INFOPLIST_KEY_NSBluetoothAlwaysUsageDescription = "BlueWatch needs Bluetooth to connect to your watch";
				INFOPLIST_KEY_NSBluetoothPeripheralUsageDescription = "BlueWatch needs Bluetooth to connect to your watch";
				INFOPLIST_KEY_UIApplicationSceneManifest_Generation = YES;
				INFOPLIST_KEY_UIApplicationSupportsIndirectInputEvents = YES;
				INFOPLIST_KEY_UILaunchScreen_Generation = YES;
				INFOPLIST_KEY_UISupportedInterfaceOrientations_iPad = "UIInterfaceOrientationPortrait UIInterfaceOrientationPortraitUpsideDown UIInterfaceOrientationLandscapeLeft UIInterfaceOrientationLandscapeRight";
				INFOPLIST_KEY_UISupportedInterfaceOrientations_iPhone = "UIInterfaceOrientationPortrait UIInterfaceOrientationLandscapeLeft UIInterfaceOrientationLandscapeRight";
				LD_RUNPATH_SEARCH_PATHS = (
					"$(inherited)",
					"@executable_path/Frameworks",
				);
				MARKETING_VERSION = 1.0;
				PRODUCT_BUNDLE_IDENTIFIER = RK.BlueWatch;
				PRODUCT_NAME = "$(TARGET_NAME)";
				SWIFT_EMIT_LOC_STRINGS = YES;
				SWIFT_VERSION = 5.0;
				TARGETED_DEVICE_FAMILY = "1,2";
			};
			name = Release;
		};
		368901612D7206AD00AD492A /* Debug */ = {
			isa = XCBuildConfiguration;
			buildSettings = {
				BUNDLE_LOADER = "$(TEST_HOST)";
				CODE_SIGN_STYLE = Automatic;
				CURRENT_PROJECT_VERSION = 1;
				DEVELOPMENT_TEAM = T7LWY3RUAV;
				GENERATE_INFOPLIST_FILE = YES;
				IPHONEOS_DEPLOYMENT_TARGET = 18.2;
				MARKETING_VERSION = 1.0;
				PRODUCT_BUNDLE_IDENTIFIER = RK.BlueWatchTests;
				PRODUCT_NAME = "$(TARGET_NAME)";
				SWIFT_EMIT_LOC_STRINGS = NO;
				SWIFT_VERSION = 5.0;
				TARGETED_DEVICE_FAMILY = "1,2";
				TEST_HOST = "$(BUILT_PRODUCTS_DIR)/BlueWatch.app/$(BUNDLE_EXECUTABLE_FOLDER_PATH)/BlueWatch";
			};
			name = Debug;
		};
		368901622D7206AD00AD492A /* Release */ = {
			isa = XCBuildConfiguration;
			buildSettings = {
				BUNDLE_LOADER = "$(TEST_HOST)";
				CODE_SIGN_STYLE = Automatic;
				CURRENT_PROJECT_VERSION = 1;
				DEVELOPMENT_TEAM = T7LWY3RUAV;
				GENERATE_INFOPLIST_FILE = YES;
				IPHONEOS_DEPLOYMENT_TARGET = 18.2;
				MARKETING_VERSION = 1.0;
				PRODUCT_BUNDLE_IDENTIFIER = RK.BlueWatchTests;
				PRODUCT_NAME = "$(TARGET_NAME)";
				SWIFT_EMIT_LOC_STRINGS = NO;
				SWIFT_VERSION = 5.0;
				TARGETED_DEVICE_FAMILY = "1,2";
				TEST_HOST = "$(BUILT_PRODUCTS_DIR)/BlueWatch.app/$(BUNDLE_EXECUTABLE_FOLDER_PATH)/BlueWatch";
			};
			name = Release;
		};
		368901642D7206AD00AD492A /* Debug */ = {
			isa = XCBuildConfiguration;
			buildSettings = {
				CODE_SIGN_STYLE = Automatic;
				CURRENT_PROJECT_VERSION = 1;
				DEVELOPMENT_TEAM = T7LWY3RUAV;
				GENERATE_INFOPLIST_FILE = YES;
				MARKETING_VERSION = 1.0;
				PRODUCT_BUNDLE_IDENTIFIER = RK.BlueWatchUITests;
				PRODUCT_NAME = "$(TARGET_NAME)";
				SWIFT_EMIT_LOC_STRINGS = NO;
				SWIFT_VERSION = 5.0;
				TARGETED_DEVICE_FAMILY = "1,2";
				TEST_TARGET_NAME = BlueWatch;
			};
			name = Debug;
		};
		368901652D7206AD00AD492A /* Release */ = {
			isa = XCBuildConfiguration;
			buildSettings = {
				CODE_SIGN_STYLE = Automatic;
				CURRENT_PROJECT_VERSION = 1;
				DEVELOPMENT_TEAM = T7LWY3RUAV;
				GENERATE_INFOPLIST_FILE = YES;
				MARKETING_VERSION = 1.0;
				PRODUCT_BUNDLE_IDENTIFIER = RK.BlueWatchUITests;
				PRODUCT_NAME = "$(TARGET_NAME)";
				SWIFT_EMIT_LOC_STRINGS = NO;
				SWIFT_VERSION = 5.0;
				TARGETED_DEVICE_FAMILY = "1,2";
				TEST_TARGET_NAME = BlueWatch;
			};
			name = Release;
		};
/* End XCBuildConfiguration section */

/* Begin XCConfigurationList section */
		368901342D7206AB00AD492A /* Build configuration list for PBXProject "BlueWatch" */ = {
			isa = XCConfigurationList;
			buildConfigurations = (
				3689015B2D7206AD00AD492A /* Debug */,
				3689015C2D7206AD00AD492A /* Release */,
			);
			defaultConfigurationIsVisible = 0;
			defaultConfigurationName = Release;
		};
		3689015D2D7206AD00AD492A /* Build configuration list for PBXNativeTarget "BlueWatch" */ = {
			isa = XCConfigurationList;
			buildConfigurations = (
				3689015E2D7206AD00AD492A /* Debug */,
				3689015F2D7206AD00AD492A /* Release */,
			);
			defaultConfigurationIsVisible = 0;
			defaultConfigurationName = Release;
		};
		368901602D7206AD00AD492A /* Build configuration list for PBXNativeTarget "BlueWatchTests" */ = {
			isa = XCConfigurationList;
			buildConfigurations = (
				368901612D7206AD00AD492A /* Debug */,
				368901622D7206AD00AD492A /* Release */,
			);
			defaultConfigurationIsVisible = 0;
			defaultConfigurationName = Release;
		};
		368901632D7206AD00AD492A /* Build configuration list for PBXNativeTarget "BlueWatchUITests" */ = {
			isa = XCConfigurationList;
			buildConfigurations = (
				368901642D7206AD00AD492A /* Debug */,
				368901652D7206AD00AD492A /* Release */,
			);
			defaultConfigurationIsVisible = 0;
			defaultConfigurationName = Release;
		};
/* End XCConfigurationList section */
	};
	rootObject = 368901312D7206AB00AD492A /* Project object */;
}
